
Microsoft Visual Studio Solution File, Format Version 12.00
# Visual Studio Version 16
VisualStudioVersion = 16.0.31624.102
MinimumVisualStudioVersion = 10.0.40219.1
Project("{FAE04EC0-301F-11D3-BF4B-00C04F79EFBC}") = "ComputerWebShop", "ComputerWebShop\ComputerWebShop.csproj", "{4D58851D-4500-4824-B8DD-7234CC3FB611}"
EndProject
Global
	GlobalSection(SolutionConfigurationPlatforms) = preSolution
		Debug|Any CPU = Debug|Any CPU
		Release|Any CPU = Release|Any CPU
	EndGlobalSection
	GlobalSection(ProjectConfigurationPlatforms) = postSolution
		{4D58851D-4500-4824-B8DD-7234CC3FB611}.Debug|Any CPU.ActiveCfg = Debug|Any CPU
		{4D58851D-4500-4824-B8DD-7234CC3FB611}.Debug|Any CPU.Build.0 = Debug|Any CPU
		{4D58851D-4500-4824-B8DD-7234CC3FB611}.Release|Any CPU.ActiveCfg = Release|Any CPU
		{4D58851D-4500-4824-B8DD-7234CC3FB611}.Release|Any CPU.Build.0 = Release|Any CPU
	EndGlobalSection
	GlobalSection(SolutionProperties) = preSolution
		HideSolutionNode = FALSE
	EndGlobalSection
	GlobalSection(ExtensibilityGlobals) = postSolution
		SolutionGuid = {FA222CC4-00D5-4C8C-A46C-960450A5AD17}
	EndGlobalSection
EndGlobal
